{
    "_readme": [
        "This file locks the dependencies of your project to a known state",
        "Read more about it at https://getcomposer.org/doc/01-basic-usage.md#installing-dependencies",
        "This file is @generated automatically"
    ],
    "content-hash": "a2f31906a6d598f9e6f81a1dd0a3f9cc",
    "packages": [
        {
            "name": "onecentlin/package-bmi",
            "version": "dev-master",
            "source": {
                "type": "git",
                "url": "https://github.com/onecentlin/package-bmi",
                "reference": "7b977bd68e7c4ae17495669aba7383469a4b2faa"
            },
            "require-dev": {
                "phpunit/phpunit": "^8.1"
            },
            "type": "library",
            "autoload": {
                "psr-4": {
                    "PhpTheDay\\": "src/"
                }
            },
            "license": [
                "MIT"
            ],
            "authors": [
                {
                    "name": "Winnie Lin",
                    "email": "onecentlin@gmail.com"
                }
            ],
            "description": "BMI Calculator",
            "time": "2019-05-21T13:01:37+00:00"
        }
    ],
    "packages-dev": [],
    "aliases": [],
    "minimum-stability": "stable",
    "stability-flags": {
        "onecentlin/package-bmi": 20
    },
    "prefer-stable": false,
    "prefer-lowest": false,
    "platform": [],
    "platform-dev": []
}
